
Microsoft Visual Studio Solution File, Format Version 12.00
# Visual Studio 15
VisualStudioVersion = 15.0.28307.1758
MinimumVisualStudioVersion = 10.0.40219.1
Project("{FAE04EC0-301F-11D3-BF4B-00C04F79EFBC}") = "Class20220123", "Class20220123\Class20220123.csproj", "{F8F8EB1A-D142-4C15-BE9C-E4DD83F7C31B}"
EndProject
Project("{FAE04EC0-301F-11D3-BF4B-00C04F79EFBC}") = "Class20220124", "Class20220124\Class20220124.csproj", "{4825FED9-EF5E-481C-B22C-2A8D41BB6F68}"
EndProject
Project("{FAE04EC0-301F-11D3-BF4B-00C04F79EFBC}") = "Class20220124-自己写", "Class20220124-自己写\Class20220124-自己写.csproj", "{BF387CC5-3CB1-49BD-B308-1C3115646D31}"
EndProject
Project("{FAE04EC0-301F-11D3-BF4B-00C04F79EFBC}") = "Class20220124VendingMachine", "Class20220124VendingMachine\Class20220124VendingMachine.csproj", "{AFACBBDB-9D81-40FC-BE5A-62892CD087BB}"
EndProject
Project("{FAE04EC0-301F-11D3-BF4B-00C04F79EFBC}") = "Class20220125", "Class20220125\Class20220125.csproj", "{DD24BAA2-69A3-47CA-95A9-FF087994E877}"
EndProject
Project("{FAE04EC0-301F-11D3-BF4B-00C04F79EFBC}") = "之前的作业", "之前的作业\之前的作业.csproj", "{A3B8CB8B-94C4-4394-A561-944D53D3B939}"
EndProject
Project("{FAE04EC0-301F-11D3-BF4B-00C04F79EFBC}") = "Lab-1", "Lab-1\Lab-1.csproj", "{D70C758E-D3BF-4A3C-93DD-533D4CC5E222}"
EndProject
Project("{FAE04EC0-301F-11D3-BF4B-00C04F79EFBC}") = "SimpleCarDealership", "SimpleCarDealership\SimpleCarDealership\SimpleCarDealership.csproj", "{1D134079-6261-46E7-B947-82B0BCA72C45}"
EndProject
Project("{FAE04EC0-301F-11D3-BF4B-00C04F79EFBC}") = "Class20220126", "Class20220126\Class20220126.csproj", "{75452BE4-505D-4613-BA8C-37F6A1508024}"
EndProject
Project("{FAE04EC0-301F-11D3-BF4B-00C04F79EFBC}") = "Assignment-Last", "..\..\..\算法与数据结构-SD-290-F21P1\Assignment-Last\Assignment-Last\Assignment-Last.csproj", "{27E04B98-4DB2-470B-8E92-F8B31AC3AADC}"
EndProject
Global
	GlobalSection(SolutionConfigurationPlatforms) = preSolution
		Debug|Any CPU = Debug|Any CPU
		Release|Any CPU = Release|Any CPU
	EndGlobalSection
	GlobalSection(ProjectConfigurationPlatforms) = postSolution
		{F8F8EB1A-D142-4C15-BE9C-E4DD83F7C31B}.Debug|Any CPU.ActiveCfg = Debug|Any CPU
		{F8F8EB1A-D142-4C15-BE9C-E4DD83F7C31B}.Debug|Any CPU.Build.0 = Debug|Any CPU
		{F8F8EB1A-D142-4C15-BE9C-E4DD83F7C31B}.Release|Any CPU.ActiveCfg = Release|Any CPU
		{F8F8EB1A-D142-4C15-BE9C-E4DD83F7C31B}.Release|Any CPU.Build.0 = Release|Any CPU
		{4825FED9-EF5E-481C-B22C-2A8D41BB6F68}.Debug|Any CPU.ActiveCfg = Debug|Any CPU
		{4825FED9-EF5E-481C-B22C-2A8D41BB6F68}.Debug|Any CPU.Build.0 = Debug|Any CPU
		{4825FED9-EF5E-481C-B22C-2A8D41BB6F68}.Release|Any CPU.ActiveCfg = Release|Any CPU
		{4825FED9-EF5E-481C-B22C-2A8D41BB6F68}.Release|Any CPU.Build.0 = Release|Any CPU
		{BF387CC5-3CB1-49BD-B308-1C3115646D31}.Debug|Any CPU.ActiveCfg = Debug|Any CPU
		{BF387CC5-3CB1-49BD-B308-1C3115646D31}.Debug|Any CPU.Build.0 = Debug|Any CPU
		{BF387CC5-3CB1-49BD-B308-1C3115646D31}.Release|Any CPU.ActiveCfg = Release|Any CPU
		{BF387CC5-3CB1-49BD-B308-1C3115646D31}.Release|Any CPU.Build.0 = Release|Any CPU
		{AFACBBDB-9D81-40FC-BE5A-62892CD087BB}.Debug|Any CPU.ActiveCfg = Debug|Any CPU
		{AFACBBDB-9D81-40FC-BE5A-62892CD087BB}.Debug|Any CPU.Build.0 = Debug|Any CPU
		{AFACBBDB-9D81-40FC-BE5A-62892CD087BB}.Release|Any CPU.ActiveCfg = Release|Any CPU
		{AFACBBDB-9D81-40FC-BE5A-62892CD087BB}.Release|Any CPU.Build.0 = Release|Any CPU
		{DD24BAA2-69A3-47CA-95A9-FF087994E877}.Debug|Any CPU.ActiveCfg = Debug|Any CPU
		{DD24BAA2-69A3-47CA-95A9-FF087994E877}.Debug|Any CPU.Build.0 = Debug|Any CPU
		{DD24BAA2-69A3-47CA-95A9-FF087994E877}.Release|Any CPU.ActiveCfg = Release|Any CPU
		{DD24BAA2-69A3-47CA-95A9-FF087994E877}.Release|Any CPU.Build.0 = Release|Any CPU
		{A3B8CB8B-94C4-4394-A561-944D53D3B939}.Debug|Any CPU.ActiveCfg = Debug|Any CPU
		{A3B8CB8B-94C4-4394-A561-944D53D3B939}.Debug|Any CPU.Build.0 = Debug|Any CPU
		{A3B8CB8B-94C4-4394-A561-944D53D3B939}.Release|Any CPU.ActiveCfg = Release|Any CPU
		{A3B8CB8B-94C4-4394-A561-944D53D3B939}.Release|Any CPU.Build.0 = Release|Any CPU
		{D70C758E-D3BF-4A3C-93DD-533D4CC5E222}.Debug|Any CPU.ActiveCfg = Debug|Any CPU
		{D70C758E-D3BF-4A3C-93DD-533D4CC5E222}.Debug|Any CPU.Build.0 = Debug|Any CPU
		{D70C758E-D3BF-4A3C-93DD-533D4CC5E222}.Release|Any CPU.ActiveCfg = Release|Any CPU
		{D70C758E-D3BF-4A3C-93DD-533D4CC5E222}.Release|Any CPU.Build.0 = Release|Any CPU
		{1D134079-6261-46E7-B947-82B0BCA72C45}.Debug|Any CPU.ActiveCfg = Debug|Any CPU
		{1D134079-6261-46E7-B947-82B0BCA72C45}.Debug|Any CPU.Build.0 = Debug|Any CPU
		{1D134079-6261-46E7-B947-82B0BCA72C45}.Release|Any CPU.ActiveCfg = Release|Any CPU
		{1D134079-6261-46E7-B947-82B0BCA72C45}.Release|Any CPU.Build.0 = Release|Any CPU
		{75452BE4-505D-4613-BA8C-37F6A1508024}.Debug|Any CPU.ActiveCfg = Debug|Any CPU
		{75452BE4-505D-4613-BA8C-37F6A1508024}.Debug|Any CPU.Build.0 = Debug|Any CPU
		{75452BE4-505D-4613-BA8C-37F6A1508024}.Release|Any CPU.ActiveCfg = Release|Any CPU
		{75452BE4-505D-4613-BA8C-37F6A1508024}.Release|Any CPU.Build.0 = Release|Any CPU
		{27E04B98-4DB2-470B-8E92-F8B31AC3AADC}.Debug|Any CPU.ActiveCfg = Debug|Any CPU
		{27E04B98-4DB2-470B-8E92-F8B31AC3AADC}.Debug|Any CPU.Build.0 = Debug|Any CPU
		{27E04B98-4DB2-470B-8E92-F8B31AC3AADC}.Release|Any CPU.ActiveCfg = Release|Any CPU
		{27E04B98-4DB2-470B-8E92-F8B31AC3AADC}.Release|Any CPU.Build.0 = Release|Any CPU
	EndGlobalSection
	GlobalSection(SolutionProperties) = preSolution
		HideSolutionNode = FALSE
	EndGlobalSection
	GlobalSection(ExtensibilityGlobals) = postSolution
		SolutionGuid = {C9110D66-C7CF-4AC7-8E99-F97922E41FBE}
	EndGlobalSection
EndGlobal
