
Microsoft Visual Studio Solution File, Format Version 12.00
# Visual Studio 15
VisualStudioVersion = 15.0.28307.1758
MinimumVisualStudioVersion = 10.0.40219.1
Project("{FAE04EC0-301F-11D3-BF4B-00C04F79EFBC}") = "Lab 4", "Lab 4\Lab 4.csproj", "{23698654-AF59-41CE-80E5-AE1934AC0B72}"
EndProject
Project("{FAE04EC0-301F-11D3-BF4B-00C04F79EFBC}") = "Exercise", "..\Class20220127\Exercise\Exercise.csproj", "{CE6B3468-83BA-40CA-BC5A-3D588A908583}"
EndProject
Global
	GlobalSection(SolutionConfigurationPlatforms) = preSolution
		Debug|Any CPU = Debug|Any CPU
		Release|Any CPU = Release|Any CPU
	EndGlobalSection
	GlobalSection(ProjectConfigurationPlatforms) = postSolution
		{23698654-AF59-41CE-80E5-AE1934AC0B72}.Debug|Any CPU.ActiveCfg = Debug|Any CPU
		{23698654-AF59-41CE-80E5-AE1934AC0B72}.Debug|Any CPU.Build.0 = Debug|Any CPU
		{23698654-AF59-41CE-80E5-AE1934AC0B72}.Release|Any CPU.ActiveCfg = Release|Any CPU
		{23698654-AF59-41CE-80E5-AE1934AC0B72}.Release|Any CPU.Build.0 = Release|Any CPU
		{CE6B3468-83BA-40CA-BC5A-3D588A908583}.Debug|Any CPU.ActiveCfg = Debug|Any CPU
		{CE6B3468-83BA-40CA-BC5A-3D588A908583}.Debug|Any CPU.Build.0 = Debug|Any CPU
		{CE6B3468-83BA-40CA-BC5A-3D588A908583}.Release|Any CPU.ActiveCfg = Release|Any CPU
		{CE6B3468-83BA-40CA-BC5A-3D588A908583}.Release|Any CPU.Build.0 = Release|Any CPU
	EndGlobalSection
	GlobalSection(SolutionProperties) = preSolution
		HideSolutionNode = FALSE
	EndGlobalSection
	GlobalSection(ExtensibilityGlobals) = postSolution
		SolutionGuid = {AD5C9861-086D-458C-BF04-8195B4F2B237}
	EndGlobalSection
EndGlobal
